
Microsoft Visual Studio Solution File, Format Version 12.00
# Visual Studio Version 16
VisualStudioVersion = 16.0.33130.400
MinimumVisualStudioVersion = 10.0.40219.1
Project("{FAE04EC0-301F-11D3-BF4B-00C04F79EFBC}") = "WindowsFormsApp1", "WindowsFormsApp1\WindowsFormsApp1.csproj", "{87E78AE4-870B-47EA-BE7C-C19AEAE98030}"
EndProject
Project("{2150E333-8FDC-42A3-9474-1A3956D46DE8}") = "Solution Items", "Solution Items", "{62437196-00EF-4CD7-8D01-7E55A7785399}"
EndProject
Global
	GlobalSection(SolutionConfigurationPlatforms) = preSolution
		Debug|Any CPU = Debug|Any CPU
		Release|Any CPU = Release|Any CPU
	EndGlobalSection
	GlobalSection(ProjectConfigurationPlatforms) = postSolution
		{87E78AE4-870B-47EA-BE7C-C19AEAE98030}.Debug|Any CPU.ActiveCfg = Debug|Any CPU
		{87E78AE4-870B-47EA-BE7C-C19AEAE98030}.Debug|Any CPU.Build.0 = Debug|Any CPU
		{87E78AE4-870B-47EA-BE7C-C19AEAE98030}.Release|Any CPU.ActiveCfg = Release|Any CPU
		{87E78AE4-870B-47EA-BE7C-C19AEAE98030}.Release|Any CPU.Build.0 = Release|Any CPU
	EndGlobalSection
	GlobalSection(SolutionProperties) = preSolution
		HideSolutionNode = FALSE
	EndGlobalSection
	GlobalSection(ExtensibilityGlobals) = postSolution
		SolutionGuid = {6EAF22D5-A762-4738-B426-27AF4E1D1E2B}
	EndGlobalSection
EndGlobal
